// !$*UTF8*$!
{
	archiveVersion = 1;
	classes = {
	};
	objectVersion = 46;
	objects = {

/* Begin PBXBuildFile section */
		2C7D3926146149E90092B047 /* Laig_p2.1 in CopyFiles */ = {isa = PBXBuildFile; fileRef = 2C7D3925146149E90092B047 /* Laig_p2.1 */; };
		2C7D392D14614A520092B047 /* GLUI.framework in Frameworks */ = {isa = PBXBuildFile; fileRef = 2C7D392C14614A520092B047 /* GLUI.framework */; };
		2C7D392F14614A580092B047 /* GLUT.framework in Frameworks */ = {isa = PBXBuildFile; fileRef = 2C7D392E14614A580092B047 /* GLUT.framework */; };
		2C7D393114614A650092B047 /* OpenGL.framework in Frameworks */ = {isa = PBXBuildFile; fileRef = 2C7D393014614A650092B047 /* OpenGL.framework */; };
		2C7D393614614D250092B047 /* tinyxml.cpp in Sources */ = {isa = PBXBuildFile; fileRef = 2C7D393214614D250092B047 /* tinyxml.cpp */; };
		2C7D393714614D250092B047 /* tinyxmlerror.cpp in Sources */ = {isa = PBXBuildFile; fileRef = 2C7D393414614D250092B047 /* tinyxmlerror.cpp */; };
		2C7D393814614D250092B047 /* tinyxmlparser.cpp in Sources */ = {isa = PBXBuildFile; fileRef = 2C7D393514614D250092B047 /* tinyxmlparser.cpp */; };
		2C7D393D14614D530092B047 /* SceneLoader.cpp in Sources */ = {isa = PBXBuildFile; fileRef = 2C7D393A14614D530092B047 /* SceneLoader.cpp */; };
		2C7D393E14614D530092B047 /* XML_alunos.cpp in Sources */ = {isa = PBXBuildFile; fileRef = 2C7D393C14614D530092B047 /* XML_alunos.cpp */; };
		2C7D394114614DB50092B047 /* tinystr.cpp in Sources */ = {isa = PBXBuildFile; fileRef = 2C7D393F14614DB50092B047 /* tinystr.cpp */; };
		2C7D394414614E190092B047 /* demograph.xml in CopyFiles */ = {isa = PBXBuildFile; fileRef = 2C7D394214614DF00092B047 /* demograph.xml */; };
		2C7D394714615C5F0092B047 /* Primitive.cpp in Sources */ = {isa = PBXBuildFile; fileRef = 2C7D394614615C5F0092B047 /* Primitive.cpp */; };
		2C7D394A14616B6B0092B047 /* SceneParser.cpp in Sources */ = {isa = PBXBuildFile; fileRef = 2C7D394914616B6B0092B047 /* SceneParser.cpp */; };
/* End PBXBuildFile section */

/* Begin PBXCopyFilesBuildPhase section */
		2C7D391D146149E90092B047 /* CopyFiles */ = {
			isa = PBXCopyFilesBuildPhase;
			buildActionMask = 2147483647;
			dstPath = /usr/share/man/man1/;
			dstSubfolderSpec = 0;
			files = (
				2C7D3926146149E90092B047 /* Laig_p2.1 in CopyFiles */,
			);
			runOnlyForDeploymentPostprocessing = 1;
		};
		2C7D394314614E040092B047 /* CopyFiles */ = {
			isa = PBXCopyFilesBuildPhase;
			buildActionMask = 12;
			dstPath = "";
			dstSubfolderSpec = 16;
			files = (
				2C7D394414614E190092B047 /* demograph.xml in CopyFiles */,
			);
			runOnlyForDeploymentPostprocessing = 0;
		};
/* End PBXCopyFilesBuildPhase section */

/* Begin PBXFileReference section */
		2C7D391F146149E90092B047 /* Laig-p2 */ = {isa = PBXFileReference; explicitFileType = "compiled.mach-o.executable"; includeInIndex = 0; path = "Laig-p2"; sourceTree = BUILT_PRODUCTS_DIR; };
		2C7D3925146149E90092B047 /* Laig_p2.1 */ = {isa = PBXFileReference; lastKnownFileType = text.man; path = Laig_p2.1; sourceTree = "<group>"; };
		2C7D392C14614A520092B047 /* GLUI.framework */ = {isa = PBXFileReference; lastKnownFileType = wrapper.framework; name = GLUI.framework; path = Library/Frameworks/GLUI.framework; sourceTree = SDKROOT; };
		2C7D392E14614A580092B047 /* GLUT.framework */ = {isa = PBXFileReference; lastKnownFileType = wrapper.framework; name = GLUT.framework; path = System/Library/Frameworks/GLUT.framework; sourceTree = SDKROOT; };
		2C7D393014614A650092B047 /* OpenGL.framework */ = {isa = PBXFileReference; lastKnownFileType = wrapper.framework; name = OpenGL.framework; path = System/Library/Frameworks/OpenGL.framework; sourceTree = SDKROOT; };
		2C7D393214614D250092B047 /* tinyxml.cpp */ = {isa = PBXFileReference; fileEncoding = 4; lastKnownFileType = sourcecode.cpp.cpp; path = tinyxml.cpp; sourceTree = "<group>"; };
		2C7D393314614D250092B047 /* tinyxml.h */ = {isa = PBXFileReference; fileEncoding = 4; lastKnownFileType = sourcecode.c.h; path = tinyxml.h; sourceTree = "<group>"; };
		2C7D393414614D250092B047 /* tinyxmlerror.cpp */ = {isa = PBXFileReference; fileEncoding = 4; lastKnownFileType = sourcecode.cpp.cpp; path = tinyxmlerror.cpp; sourceTree = "<group>"; };
		2C7D393514614D250092B047 /* tinyxmlparser.cpp */ = {isa = PBXFileReference; fileEncoding = 4; lastKnownFileType = sourcecode.cpp.cpp; path = tinyxmlparser.cpp; sourceTree = "<group>"; };
		2C7D393A14614D530092B047 /* SceneLoader.cpp */ = {isa = PBXFileReference; fileEncoding = 4; lastKnownFileType = sourcecode.cpp.cpp; path = SceneLoader.cpp; sourceTree = "<group>"; };
		2C7D393B14614D530092B047 /* SceneLoader.h */ = {isa = PBXFileReference; fileEncoding = 4; lastKnownFileType = sourcecode.c.h; path = SceneLoader.h; sourceTree = "<group>"; };
		2C7D393C14614D530092B047 /* XML_alunos.cpp */ = {isa = PBXFileReference; fileEncoding = 4; lastKnownFileType = sourcecode.cpp.cpp; path = XML_alunos.cpp; sourceTree = "<group>"; };
		2C7D393F14614DB50092B047 /* tinystr.cpp */ = {isa = PBXFileReference; fileEncoding = 4; lastKnownFileType = sourcecode.cpp.cpp; path = tinystr.cpp; sourceTree = "<group>"; };
		2C7D394014614DB50092B047 /* tinystr.h */ = {isa = PBXFileReference; fileEncoding = 4; lastKnownFileType = sourcecode.c.h; path = tinystr.h; sourceTree = "<group>"; };
		2C7D394214614DF00092B047 /* demograph.xml */ = {isa = PBXFileReference; fileEncoding = 4; lastKnownFileType = text.xml; path = demograph.xml; sourceTree = "<group>"; };
		2C7D394514615C490092B047 /* Primitive.h */ = {isa = PBXFileReference; fileEncoding = 4; lastKnownFileType = sourcecode.c.h; path = Primitive.h; sourceTree = "<group>"; };
		2C7D394614615C5F0092B047 /* Primitive.cpp */ = {isa = PBXFileReference; fileEncoding = 4; lastKnownFileType = sourcecode.cpp.cpp; path = Primitive.cpp; sourceTree = "<group>"; };
		2C7D394914616B6B0092B047 /* SceneParser.cpp */ = {isa = PBXFileReference; fileEncoding = 4; lastKnownFileType = sourcecode.cpp.cpp; path = SceneParser.cpp; sourceTree = "<group>"; };
/* End PBXFileReference section */

/* Begin PBXFrameworksBuildPhase section */
		2C7D391C146149E90092B047 /* Frameworks */ = {
			isa = PBXFrameworksBuildPhase;
			buildActionMask = 2147483647;
			files = (
				2C7D393114614A650092B047 /* OpenGL.framework in Frameworks */,
				2C7D392F14614A580092B047 /* GLUT.framework in Frameworks */,
				2C7D392D14614A520092B047 /* GLUI.framework in Frameworks */,
			);
			runOnlyForDeploymentPostprocessing = 0;
		};
/* End PBXFrameworksBuildPhase section */

/* Begin PBXGroup section */
		2C7D3914146149E80092B047 = {
			isa = PBXGroup;
			children = (
				2C7D394214614DF00092B047 /* demograph.xml */,
				2C7D393014614A650092B047 /* OpenGL.framework */,
				2C7D392E14614A580092B047 /* GLUT.framework */,
				2C7D392C14614A520092B047 /* GLUI.framework */,
				2C7D3922146149E90092B047 /* Laig-p2 */,
				2C7D3920146149E90092B047 /* Products */,
				2C7D393914614D340092B047 /* tinyxml */,
			);
			sourceTree = "<group>";
		};
		2C7D3920146149E90092B047 /* Products */ = {
			isa = PBXGroup;
			children = (
				2C7D391F146149E90092B047 /* Laig-p2 */,
			);
			name = Products;
			sourceTree = "<group>";
		};
		2C7D3922146149E90092B047 /* Laig-p2 */ = {
			isa = PBXGroup;
			children = (
				2C7D393A14614D530092B047 /* SceneLoader.cpp */,
				2C7D393B14614D530092B047 /* SceneLoader.h */,
				2C7D393C14614D530092B047 /* XML_alunos.cpp */,
				2C7D3925146149E90092B047 /* Laig_p2.1 */,
				2C7D394514615C490092B047 /* Primitive.h */,
				2C7D394614615C5F0092B047 /* Primitive.cpp */,
				2C7D394914616B6B0092B047 /* SceneParser.cpp */,
			);
			path = "Laig-p2";
			sourceTree = "<group>";
		};
		2C7D393914614D340092B047 /* tinyxml */ = {
			isa = PBXGroup;
			children = (
				2C7D393F14614DB50092B047 /* tinystr.cpp */,
				2C7D394014614DB50092B047 /* tinystr.h */,
				2C7D393214614D250092B047 /* tinyxml.cpp */,
				2C7D393314614D250092B047 /* tinyxml.h */,
				2C7D393414614D250092B047 /* tinyxmlerror.cpp */,
				2C7D393514614D250092B047 /* tinyxmlparser.cpp */,
			);
			name = tinyxml;
			sourceTree = "<group>";
		};
/* End PBXGroup section */

/* Begin PBXNativeTarget section */
		2C7D391E146149E90092B047 /* Laig-p2 */ = {
			isa = PBXNativeTarget;
			buildConfigurationList = 2C7D3929146149E90092B047 /* Build configuration list for PBXNativeTarget "Laig-p2" */;
			buildPhases = (
				2C7D391B146149E90092B047 /* Sources */,
				2C7D391C146149E90092B047 /* Frameworks */,
				2C7D391D146149E90092B047 /* CopyFiles */,
				2C7D394314614E040092B047 /* CopyFiles */,
			);
			buildRules = (
			);
			dependencies = (
			);
			name = "Laig-p2";
			productName = "Laig-p2";
			productReference = 2C7D391F146149E90092B047 /* Laig-p2 */;
			productType = "com.apple.product-type.tool";
		};
/* End PBXNativeTarget section */

/* Begin PBXProject section */
		2C7D3916146149E80092B047 /* Project object */ = {
			isa = PBXProject;
			buildConfigurationList = 2C7D3919146149E80092B047 /* Build configuration list for PBXProject "Laig-p2" */;
			compatibilityVersion = "Xcode 3.2";
			developmentRegion = English;
			hasScannedForEncodings = 0;
			knownRegions = (
				en,
			);
			mainGroup = 2C7D3914146149E80092B047;
			productRefGroup = 2C7D3920146149E90092B047 /* Products */;
			projectDirPath = "";
			projectRoot = "";
			targets = (
				2C7D391E146149E90092B047 /* Laig-p2 */,
			);
		};
/* End PBXProject section */

/* Begin PBXSourcesBuildPhase section */
		2C7D391B146149E90092B047 /* Sources */ = {
			isa = PBXSourcesBuildPhase;
			buildActionMask = 2147483647;
			files = (
				2C7D393614614D250092B047 /* tinyxml.cpp in Sources */,
				2C7D393714614D250092B047 /* tinyxmlerror.cpp in Sources */,
				2C7D393814614D250092B047 /* tinyxmlparser.cpp in Sources */,
				2C7D393D14614D530092B047 /* SceneLoader.cpp in Sources */,
				2C7D393E14614D530092B047 /* XML_alunos.cpp in Sources */,
				2C7D394114614DB50092B047 /* tinystr.cpp in Sources */,
				2C7D394714615C5F0092B047 /* Primitive.cpp in Sources */,
				2C7D394A14616B6B0092B047 /* SceneParser.cpp in Sources */,
			);
			runOnlyForDeploymentPostprocessing = 0;
		};
/* End PBXSourcesBuildPhase section */

/* Begin XCBuildConfiguration section */
		2C7D3927146149E90092B047 /* Debug */ = {
			isa = XCBuildConfiguration;
			buildSettings = {
				ALWAYS_SEARCH_USER_PATHS = NO;
				ARCHS = "$(ARCHS_STANDARD_64_BIT)";
				COPY_PHASE_STRIP = NO;
				GCC_C_LANGUAGE_STANDARD = gnu99;
				GCC_DYNAMIC_NO_PIC = NO;
				GCC_ENABLE_OBJC_EXCEPTIONS = YES;
				GCC_OPTIMIZATION_LEVEL = 0;
				GCC_PREPROCESSOR_DEFINITIONS = (
					"DEBUG=1",
					"$(inherited)",
				);
				GCC_SYMBOLS_PRIVATE_EXTERN = NO;
				GCC_VERSION = com.apple.compilers.llvm.clang.1_0;
				GCC_WARN_64_TO_32_BIT_CONVERSION = YES;
				GCC_WARN_ABOUT_MISSING_PROTOTYPES = YES;
				GCC_WARN_ABOUT_RETURN_TYPE = YES;
				GCC_WARN_UNUSED_VARIABLE = YES;
				MACOSX_DEPLOYMENT_TARGET = 10.7;
				ONLY_ACTIVE_ARCH = YES;
				SDKROOT = macosx;
			};
			name = Debug;
		};
		2C7D3928146149E90092B047 /* Release */ = {
			isa = XCBuildConfiguration;
			buildSettings = {
				ALWAYS_SEARCH_USER_PATHS = NO;
				ARCHS = "$(ARCHS_STANDARD_64_BIT)";
				COPY_PHASE_STRIP = YES;
				DEBUG_INFORMATION_FORMAT = "dwarf-with-dsym";
				GCC_C_LANGUAGE_STANDARD = gnu99;
				GCC_ENABLE_OBJC_EXCEPTIONS = YES;
				GCC_VERSION = com.apple.compilers.llvm.clang.1_0;
				GCC_WARN_64_TO_32_BIT_CONVERSION = YES;
				GCC_WARN_ABOUT_MISSING_PROTOTYPES = YES;
				GCC_WARN_ABOUT_RETURN_TYPE = YES;
				GCC_WARN_UNUSED_VARIABLE = YES;
				MACOSX_DEPLOYMENT_TARGET = 10.7;
				SDKROOT = macosx;
			};
			name = Release;
		};
		2C7D392A146149E90092B047 /* Debug */ = {
			isa = XCBuildConfiguration;
			buildSettings = {
				PRODUCT_NAME = "$(TARGET_NAME)";
			};
			name = Debug;
		};
		2C7D392B146149E90092B047 /* Release */ = {
			isa = XCBuildConfiguration;
			buildSettings = {
				PRODUCT_NAME = "$(TARGET_NAME)";
			};
			name = Release;
		};
/* End XCBuildConfiguration section */

/* Begin XCConfigurationList section */
		2C7D3919146149E80092B047 /* Build configuration list for PBXProject "Laig-p2" */ = {
			isa = XCConfigurationList;
			buildConfigurations = (
				2C7D3927146149E90092B047 /* Debug */,
				2C7D3928146149E90092B047 /* Release */,
			);
			defaultConfigurationIsVisible = 0;
			defaultConfigurationName = Release;
		};
		2C7D3929146149E90092B047 /* Build configuration list for PBXNativeTarget "Laig-p2" */ = {
			isa = XCConfigurationList;
			buildConfigurations = (
				2C7D392A146149E90092B047 /* Debug */,
				2C7D392B146149E90092B047 /* Release */,
			);
			defaultConfigurationIsVisible = 0;
		};
/* End XCConfigurationList section */
	};
	rootObject = 2C7D3916146149E80092B047 /* Project object */;
}
